
Microsoft Visual Studio Solution File, Format Version 12.00
# Visual Studio Version 17
VisualStudioVersion = 17.14.36705.20 d17.14
MinimumVisualStudioVersion = 10.0.40219.1
Project("{FAE04EC0-301F-11D3-BF4B-00C04F79EFBC}") = "MiniWMS_Api", "MiniWMS_Api\MiniWMS_Api.csproj", "{F07C5363-905A-4D60-8FAD-227DB85A4BCD}"
EndProject
Global
	GlobalSection(SolutionConfigurationPlatforms) = preSolution
		Debug|Any CPU = Debug|Any CPU
		Release|Any CPU = Release|Any CPU
	EndGlobalSection
	GlobalSection(ProjectConfigurationPlatforms) = postSolution
		{F07C5363-905A-4D60-8FAD-227DB85A4BCD}.Debug|Any CPU.ActiveCfg = Debug|Any CPU
		{F07C5363-905A-4D60-8FAD-227DB85A4BCD}.Debug|Any CPU.Build.0 = Debug|Any CPU
		{F07C5363-905A-4D60-8FAD-227DB85A4BCD}.Release|Any CPU.ActiveCfg = Release|Any CPU
		{F07C5363-905A-4D60-8FAD-227DB85A4BCD}.Release|Any CPU.Build.0 = Release|Any CPU
	EndGlobalSection
	GlobalSection(SolutionProperties) = preSolution
		HideSolutionNode = FALSE
	EndGlobalSection
	GlobalSection(ExtensibilityGlobals) = postSolution
		SolutionGuid = {C1D391DE-4EC1-4FF4-8FB5-0507C2506F51}
	EndGlobalSection
EndGlobal
